
Microsoft Visual Studio Solution File, Format Version 12.00
# Visual Studio Version 16
VisualStudioVersion = 16.0.31729.503
MinimumVisualStudioVersion = 10.0.40219.1
Project("{9A19103F-16F7-4668-BE54-9A1E7A4F7556}") = "CourseWorkMailClient", "CourseWorkMailClient\CourseWorkMailClient.csproj", "{8539C092-9CB6-4F99-A1F0-6F12AEDE3B09}"
EndProject
Project("{FAE04EC0-301F-11D3-BF4B-00C04F79EFBC}") = "CourseWorkMailClient.Infrastructure", "CourseWorkMailClient.Infrastructure\CourseWorkMailClient.Infrastructure.csproj", "{2B77D30C-16B0-46CF-83C5-BDBADB9FED98}"
EndProject
Project("{FAE04EC0-301F-11D3-BF4B-00C04F79EFBC}") = "CourseWorkMailClient.Domain", "CourseWorkMailClient.Domain\CourseWorkMailClient.Domain.csproj", "{D0D2AF24-A288-4A71-9B56-770BCF7797A7}"
EndProject
Global
	GlobalSection(SolutionConfigurationPlatforms) = preSolution
		Debug|Any CPU = Debug|Any CPU
		Release|Any CPU = Release|Any CPU
	EndGlobalSection
	GlobalSection(ProjectConfigurationPlatforms) = postSolution
		{8539C092-9CB6-4F99-A1F0-6F12AEDE3B09}.Debug|Any CPU.ActiveCfg = Debug|Any CPU
		{8539C092-9CB6-4F99-A1F0-6F12AEDE3B09}.Debug|Any CPU.Build.0 = Debug|Any CPU
		{8539C092-9CB6-4F99-A1F0-6F12AEDE3B09}.Release|Any CPU.ActiveCfg = Release|Any CPU
		{8539C092-9CB6-4F99-A1F0-6F12AEDE3B09}.Release|Any CPU.Build.0 = Release|Any CPU
		{2B77D30C-16B0-46CF-83C5-BDBADB9FED98}.Debug|Any CPU.ActiveCfg = Debug|Any CPU
		{2B77D30C-16B0-46CF-83C5-BDBADB9FED98}.Debug|Any CPU.Build.0 = Debug|Any CPU
		{2B77D30C-16B0-46CF-83C5-BDBADB9FED98}.Release|Any CPU.ActiveCfg = Release|Any CPU
		{2B77D30C-16B0-46CF-83C5-BDBADB9FED98}.Release|Any CPU.Build.0 = Release|Any CPU
		{D0D2AF24-A288-4A71-9B56-770BCF7797A7}.Debug|Any CPU.ActiveCfg = Debug|Any CPU
		{D0D2AF24-A288-4A71-9B56-770BCF7797A7}.Debug|Any CPU.Build.0 = Debug|Any CPU
		{D0D2AF24-A288-4A71-9B56-770BCF7797A7}.Release|Any CPU.ActiveCfg = Release|Any CPU
		{D0D2AF24-A288-4A71-9B56-770BCF7797A7}.Release|Any CPU.Build.0 = Release|Any CPU
	EndGlobalSection
	GlobalSection(SolutionProperties) = preSolution
		HideSolutionNode = FALSE
	EndGlobalSection
	GlobalSection(ExtensibilityGlobals) = postSolution
		SolutionGuid = {C8C3EC9C-0515-42B1-9A42-D6D0F66E4768}
	EndGlobalSection
EndGlobal
